
Microsoft Visual Studio Solution File, Format Version 12.00
Project("{FAE04EC0-301F-11D3-BF4B-00C04F79EFBC}") = "PN_InterviewTaskProject", "PN_InterviewTaskProject\PN_InterviewTaskProject.csproj", "{6926D97C-BC40-4B6E-9ACD-C83CD1FF711C}"
EndProject
Global
	GlobalSection(SolutionConfigurationPlatforms) = preSolution
		Debug|Any CPU = Debug|Any CPU
		Release|Any CPU = Release|Any CPU
	EndGlobalSection
	GlobalSection(ProjectConfigurationPlatforms) = postSolution
		{6926D97C-BC40-4B6E-9ACD-C83CD1FF711C}.Debug|Any CPU.ActiveCfg = Debug|Any CPU
		{6926D97C-BC40-4B6E-9ACD-C83CD1FF711C}.Debug|Any CPU.Build.0 = Debug|Any CPU
		{6926D97C-BC40-4B6E-9ACD-C83CD1FF711C}.Release|Any CPU.ActiveCfg = Release|Any CPU
		{6926D97C-BC40-4B6E-9ACD-C83CD1FF711C}.Release|Any CPU.Build.0 = Release|Any CPU
	EndGlobalSection
EndGlobal
